{
  "name": "cursor-websockets",
  "version": "1.0.0",
  "lockfileVersion": 3,
  "requires": true,
  "packages": {
    "": {
      "name": "cursor-websockets",
      "version": "1.0.0",
      "license": "ISC",
      "dependencies": {
        "wcs": "^0.0.2"
      }
    },
    "node_modules/wcs": {
      "version": "0.0.2",
      "resolved": "https://registry.npmjs.org/wcs/-/wcs-0.0.2.tgz",
      "integrity": "sha512-IeW1dp/VoasT7MCrNHu4ysbmYPxsg5TjCKkeA/P4tpL9UMANQVBbCDiv/cqGWntATulb+GxB4h3SP5fQRS8npg==",
      "bin": {
        "wcs": "bin/wcs.js"
      },
      "engines": {
        "node": "*"
      }
    }
  }
}
